// !$*UTF8*$!
{
	archiveVersion = 1;
	classes = {
	};
	objectVersion = 50;
	objects = {

/* Begin PBXBuildFile section */
		3F3C1C9420C3983B0072CA12 /* tempsss.swift in Sources */ = {isa = PBXBuildFile; fileRef = 3F3C1C9320C3983B0072CA12 /* tempsss.swift */; };
		3F87D9DD20BA6B410098542F /* JSExtension.swift in Sources */ = {isa = PBXBuildFile; fileRef = 3F87D9DC20BA6B410098542F /* JSExtension.swift */; };
		3F87D9DF20BA7A100098542F /* User.swift in Sources */ = {isa = PBXBuildFile; fileRef = 3F87D9DE20BA7A100098542F /* User.swift */; };
		3F87D9E220BA7C9A0098542F /* KakaoOpenSDK.framework in Frameworks */ = {isa = PBXBuildFile; fileRef = 3F87D9E120BA7C9A0098542F /* KakaoOpenSDK.framework */; };
		6F4081D76BF5FCA5D3FB7F1D /* Pods_subway_iOS.framework in Frameworks */ = {isa = PBXBuildFile; fileRef = 89A1AE2CE974418C6CE05B58 /* Pods_subway_iOS.framework */; };
		9154274B20B14A0300C6E12A /* AppDelegate.swift in Sources */ = {isa = PBXBuildFile; fileRef = 9154274A20B14A0300C6E12A /* AppDelegate.swift */; };
		9154275020B14A0300C6E12A /* Main.storyboard in Resources */ = {isa = PBXBuildFile; fileRef = 9154274E20B14A0300C6E12A /* Main.storyboard */; };
		9154275220B14A0700C6E12A /* Assets.xcassets in Resources */ = {isa = PBXBuildFile; fileRef = 9154275120B14A0700C6E12A /* Assets.xcassets */; };
		9154275520B14A0700C6E12A /* LaunchScreen.storyboard in Resources */ = {isa = PBXBuildFile; fileRef = 9154275320B14A0700C6E12A /* LaunchScreen.storyboard */; };
		9154276020B14A0700C6E12A /* subway_iOSTests.swift in Sources */ = {isa = PBXBuildFile; fileRef = 9154275F20B14A0700C6E12A /* subway_iOSTests.swift */; };
		9154276B20B14A0700C6E12A /* subway_iOSUITests.swift in Sources */ = {isa = PBXBuildFile; fileRef = 9154276A20B14A0700C6E12A /* subway_iOSUITests.swift */; };
		9154277920B14D6800C6E12A /* Tab1.storyboard in Resources */ = {isa = PBXBuildFile; fileRef = 9154277820B14D6800C6E12A /* Tab1.storyboard */; };
		9154277C20B14DA000C6E12A /* Tab2.storyboard in Resources */ = {isa = PBXBuildFile; fileRef = 9154277A20B14DA000C6E12A /* Tab2.storyboard */; };
		9154277E20B14E0600C6E12A /* Tab3.storyboard in Resources */ = {isa = PBXBuildFile; fileRef = 9154277D20B14E0600C6E12A /* Tab3.storyboard */; };
		9154278120B14F7300C6E12A /* Tab1ViewController.swift in Sources */ = {isa = PBXBuildFile; fileRef = 9154278020B14F7300C6E12A /* Tab1ViewController.swift */; };
		9154278320B14F9200C6E12A /* Tab2ViewController.swift in Sources */ = {isa = PBXBuildFile; fileRef = 9154278220B14F9200C6E12A /* Tab2ViewController.swift */; };
		9154278520B14F9C00C6E12A /* Tab3ViewController.swift in Sources */ = {isa = PBXBuildFile; fileRef = 9154278420B14F9C00C6E12A /* Tab3ViewController.swift */; };
		D92722EE36136A5C7C6ACD29 /* Pods_subway_iOSTests.framework in Frameworks */ = {isa = PBXBuildFile; fileRef = 75D5A57A77AC09A091546C25 /* Pods_subway_iOSTests.framework */; };
		EEACFA45274BAFF53DCCE87D /* Pods_subway_iOSUITests.framework in Frameworks */ = {isa = PBXBuildFile; fileRef = 74DD3FD11A2AE8E0D9DE16D3 /* Pods_subway_iOSUITests.framework */; };
/* End PBXBuildFile section */

/* Begin PBXContainerItemProxy section */
		9154275C20B14A0700C6E12A /* PBXContainerItemProxy */ = {
			isa = PBXContainerItemProxy;
			containerPortal = 9154273F20B14A0300C6E12A /* Project object */;
			proxyType = 1;
			remoteGlobalIDString = 9154274620B14A0300C6E12A;
			remoteInfo = subway_iOS;
		};
		9154276720B14A0700C6E12A /* PBXContainerItemProxy */ = {
			isa = PBXContainerItemProxy;
			containerPortal = 9154273F20B14A0300C6E12A /* Project object */;
			proxyType = 1;
			remoteGlobalIDString = 9154274620B14A0300C6E12A;
			remoteInfo = subway_iOS;
		};
/* End PBXContainerItemProxy section */

/* Begin PBXFileReference section */
		0C328E1A9A0F31E5A451FB01 /* Pods-subway_iOSTests.debug.xcconfig */ = {isa = PBXFileReference; includeInIndex = 1; lastKnownFileType = text.xcconfig; name = "Pods-subway_iOSTests.debug.xcconfig"; path = "Pods/Target Support Files/Pods-subway_iOSTests/Pods-subway_iOSTests.debug.xcconfig"; sourceTree = "<group>"; };
		1C905BD16FA9D53082379202 /* Pods-subway_iOS.debug.xcconfig */ = {isa = PBXFileReference; includeInIndex = 1; lastKnownFileType = text.xcconfig; name = "Pods-subway_iOS.debug.xcconfig"; path = "Pods/Target Support Files/Pods-subway_iOS/Pods-subway_iOS.debug.xcconfig"; sourceTree = "<group>"; };
		324B9E762B29CD8ECE9B00C2 /* Pods-subway_iOSUITests.release.xcconfig */ = {isa = PBXFileReference; includeInIndex = 1; lastKnownFileType = text.xcconfig; name = "Pods-subway_iOSUITests.release.xcconfig"; path = "Pods/Target Support Files/Pods-subway_iOSUITests/Pods-subway_iOSUITests.release.xcconfig"; sourceTree = "<group>"; };
		3F3C1C9320C3983B0072CA12 /* tempsss.swift */ = {isa = PBXFileReference; lastKnownFileType = sourcecode.swift; path = tempsss.swift; sourceTree = "<group>"; };
		3F87D9DC20BA6B410098542F /* JSExtension.swift */ = {isa = PBXFileReference; lastKnownFileType = sourcecode.swift; path = JSExtension.swift; sourceTree = "<group>"; };
		3F87D9DE20BA7A100098542F /* User.swift */ = {isa = PBXFileReference; lastKnownFileType = sourcecode.swift; name = User.swift; path = subway_iOS/Models/Models/User.swift; sourceTree = SOURCE_ROOT; };
		3F87D9E120BA7C9A0098542F /* KakaoOpenSDK.framework */ = {isa = PBXFileReference; lastKnownFileType = wrapper.framework; path = KakaoOpenSDK.framework; sourceTree = "<group>"; };
		3F87D9E320BA7F4D0098542F /* subway_iOS-Bridging-Header.h */ = {isa = PBXFileReference; lastKnownFileType = sourcecode.c.h; path = "subway_iOS-Bridging-Header.h"; sourceTree = "<group>"; };
		48C95255AF1E27553BDF8E69 /* Pods-subway_iOS.release.xcconfig */ = {isa = PBXFileReference; includeInIndex = 1; lastKnownFileType = text.xcconfig; name = "Pods-subway_iOS.release.xcconfig"; path = "Pods/Target Support Files/Pods-subway_iOS/Pods-subway_iOS.release.xcconfig"; sourceTree = "<group>"; };
		580B303F9C7F5F6C238E51FC /* Pods-subway_iOSUITests.debug.xcconfig */ = {isa = PBXFileReference; includeInIndex = 1; lastKnownFileType = text.xcconfig; name = "Pods-subway_iOSUITests.debug.xcconfig"; path = "Pods/Target Support Files/Pods-subway_iOSUITests/Pods-subway_iOSUITests.debug.xcconfig"; sourceTree = "<group>"; };
		74DD3FD11A2AE8E0D9DE16D3 /* Pods_subway_iOSUITests.framework */ = {isa = PBXFileReference; explicitFileType = wrapper.framework; includeInIndex = 0; path = Pods_subway_iOSUITests.framework; sourceTree = BUILT_PRODUCTS_DIR; };
		75D5A57A77AC09A091546C25 /* Pods_subway_iOSTests.framework */ = {isa = PBXFileReference; explicitFileType = wrapper.framework; includeInIndex = 0; path = Pods_subway_iOSTests.framework; sourceTree = BUILT_PRODUCTS_DIR; };
		8061AEFAE137EF763ADE84C3 /* Pods-subway_iOSTests.release.xcconfig */ = {isa = PBXFileReference; includeInIndex = 1; lastKnownFileType = text.xcconfig; name = "Pods-subway_iOSTests.release.xcconfig"; path = "Pods/Target Support Files/Pods-subway_iOSTests/Pods-subway_iOSTests.release.xcconfig"; sourceTree = "<group>"; };
		89A1AE2CE974418C6CE05B58 /* Pods_subway_iOS.framework */ = {isa = PBXFileReference; explicitFileType = wrapper.framework; includeInIndex = 0; path = Pods_subway_iOS.framework; sourceTree = BUILT_PRODUCTS_DIR; };
		9154274720B14A0300C6E12A /* subway_iOS.app */ = {isa = PBXFileReference; explicitFileType = wrapper.application; includeInIndex = 0; path = subway_iOS.app; sourceTree = BUILT_PRODUCTS_DIR; };
		9154274A20B14A0300C6E12A /* AppDelegate.swift */ = {isa = PBXFileReference; lastKnownFileType = sourcecode.swift; path = AppDelegate.swift; sourceTree = "<group>"; };
		9154274F20B14A0300C6E12A /* Base */ = {isa = PBXFileReference; lastKnownFileType = file.storyboard; name = Base; path = Base.lproj/Main.storyboard; sourceTree = "<group>"; };
		9154275120B14A0700C6E12A /* Assets.xcassets */ = {isa = PBXFileReference; lastKnownFileType = folder.assetcatalog; path = Assets.xcassets; sourceTree = "<group>"; };
		9154275420B14A0700C6E12A /* Base */ = {isa = PBXFileReference; lastKnownFileType = file.storyboard; name = Base; path = Base.lproj/LaunchScreen.storyboard; sourceTree = "<group>"; };
		9154275620B14A0700C6E12A /* Info.plist */ = {isa = PBXFileReference; lastKnownFileType = text.plist.xml; path = Info.plist; sourceTree = "<group>"; };
		9154275B20B14A0700C6E12A /* subway_iOSTests.xctest */ = {isa = PBXFileReference; explicitFileType = wrapper.cfbundle; includeInIndex = 0; path = subway_iOSTests.xctest; sourceTree = BUILT_PRODUCTS_DIR; };
		9154275F20B14A0700C6E12A /* subway_iOSTests.swift */ = {isa = PBXFileReference; lastKnownFileType = sourcecode.swift; path = subway_iOSTests.swift; sourceTree = "<group>"; };
		9154276120B14A0700C6E12A /* Info.plist */ = {isa = PBXFileReference; lastKnownFileType = text.plist.xml; path = Info.plist; sourceTree = "<group>"; };
		9154276620B14A0700C6E12A /* subway_iOSUITests.xctest */ = {isa = PBXFileReference; explicitFileType = wrapper.cfbundle; includeInIndex = 0; path = subway_iOSUITests.xctest; sourceTree = BUILT_PRODUCTS_DIR; };
		9154276A20B14A0700C6E12A /* subway_iOSUITests.swift */ = {isa = PBXFileReference; lastKnownFileType = sourcecode.swift; path = subway_iOSUITests.swift; sourceTree = "<group>"; };
		9154276C20B14A0700C6E12A /* Info.plist */ = {isa = PBXFileReference; lastKnownFileType = text.plist.xml; path = Info.plist; sourceTree = "<group>"; };
		9154277820B14D6800C6E12A /* Tab1.storyboard */ = {isa = PBXFileReference; lastKnownFileType = file.storyboard; path = Tab1.storyboard; sourceTree = "<group>"; };
		9154277B20B14DA000C6E12A /* Base */ = {isa = PBXFileReference; lastKnownFileType = file.storyboard; name = Base; path = subway_iOS/Base.lproj/Tab2.storyboard; sourceTree = "<group>"; };
		9154277D20B14E0600C6E12A /* Tab3.storyboard */ = {isa = PBXFileReference; fileEncoding = 4; lastKnownFileType = file.storyboard; path = Tab3.storyboard; sourceTree = "<group>"; };
		9154278020B14F7300C6E12A /* Tab1ViewController.swift */ = {isa = PBXFileReference; lastKnownFileType = sourcecode.swift; path = Tab1ViewController.swift; sourceTree = "<group>"; };
		9154278220B14F9200C6E12A /* Tab2ViewController.swift */ = {isa = PBXFileReference; lastKnownFileType = sourcecode.swift; path = Tab2ViewController.swift; sourceTree = "<group>"; };
		9154278420B14F9C00C6E12A /* Tab3ViewController.swift */ = {isa = PBXFileReference; lastKnownFileType = sourcecode.swift; path = Tab3ViewController.swift; sourceTree = "<group>"; };
/* End PBXFileReference section */

/* Begin PBXFrameworksBuildPhase section */
		9154274420B14A0300C6E12A /* Frameworks */ = {
			isa = PBXFrameworksBuildPhase;
			buildActionMask = 2147483647;
			files = (
				6F4081D76BF5FCA5D3FB7F1D /* Pods_subway_iOS.framework in Frameworks */,
				3F87D9E220BA7C9A0098542F /* KakaoOpenSDK.framework in Frameworks */,
			);
			runOnlyForDeploymentPostprocessing = 0;
		};
		9154275820B14A0700C6E12A /* Frameworks */ = {
			isa = PBXFrameworksBuildPhase;
			buildActionMask = 2147483647;
			files = (
				D92722EE36136A5C7C6ACD29 /* Pods_subway_iOSTests.framework in Frameworks */,
			);
			runOnlyForDeploymentPostprocessing = 0;
		};
		9154276320B14A0700C6E12A /* Frameworks */ = {
			isa = PBXFrameworksBuildPhase;
			buildActionMask = 2147483647;
			files = (
				EEACFA45274BAFF53DCCE87D /* Pods_subway_iOSUITests.framework in Frameworks */,
			);
			runOnlyForDeploymentPostprocessing = 0;
		};
/* End PBXFrameworksBuildPhase section */

/* Begin PBXGroup section */
		3F3C1C9020C3980A0072CA12 /* Utils */ = {
			isa = PBXGroup;
			children = (
			);
			path = Utils;
			sourceTree = "<group>";
		};
		3F3C1C9220C3982F0072CA12 /* Views */ = {
			isa = PBXGroup;
			children = (
				3F3C1C9320C3983B0072CA12 /* tempsss.swift */,
			);
			name = Views;
			path = ViewControllers/Views;
			sourceTree = "<group>";
		};
		3F87D9DB20BA6B360098542F /* Managers */ = {
			isa = PBXGroup;
			children = (
				3F87D9DC20BA6B410098542F /* JSExtension.swift */,
			);
			path = Managers;
			sourceTree = "<group>";
		};
		3F87D9E020BA7AAE0098542F /* Models */ = {
			isa = PBXGroup;
			children = (
				3F87D9DE20BA7A100098542F /* User.swift */,
			);
			name = Models;
			path = Models/Models;
			sourceTree = "<group>";
		};
		9154273E20B14A0300C6E12A = {
			isa = PBXGroup;
			children = (
				9154274920B14A0300C6E12A /* subway_iOS */,
				9154275E20B14A0700C6E12A /* subway_iOSTests */,
				9154276920B14A0700C6E12A /* subway_iOSUITests */,
				9154274820B14A0300C6E12A /* Products */,
				F3D40613D8D4EB28DF996AA0 /* Pods */,
				D9B452EE9A0209A1785B7749 /* Frameworks */,
			);
			sourceTree = "<group>";
		};
		9154274820B14A0300C6E12A /* Products */ = {
			isa = PBXGroup;
			children = (
				9154274720B14A0300C6E12A /* subway_iOS.app */,
				9154275B20B14A0700C6E12A /* subway_iOSTests.xctest */,
				9154276620B14A0700C6E12A /* subway_iOSUITests.xctest */,
			);
			name = Products;
			sourceTree = "<group>";
		};
		9154274920B14A0300C6E12A /* subway_iOS */ = {
			isa = PBXGroup;
			children = (
				3F87D9DB20BA6B360098542F /* Managers */,
				3F87D9E020BA7AAE0098542F /* Models */,
				3F3C1C9020C3980A0072CA12 /* Utils */,
				3F3C1C9220C3982F0072CA12 /* Views */,
				9154277F20B14F5D00C6E12A /* ViewControllers */,
				9154278620B14FCB00C6E12A /* Storyboards */,
				9154274A20B14A0300C6E12A /* AppDelegate.swift */,
				9154275120B14A0700C6E12A /* Assets.xcassets */,
				9154275620B14A0700C6E12A /* Info.plist */,
				3F87D9E320BA7F4D0098542F /* subway_iOS-Bridging-Header.h */,
			);
			path = subway_iOS;
			sourceTree = "<group>";
		};
		9154275E20B14A0700C6E12A /* subway_iOSTests */ = {
			isa = PBXGroup;
			children = (
				9154275F20B14A0700C6E12A /* subway_iOSTests.swift */,
				9154276120B14A0700C6E12A /* Info.plist */,
			);
			path = subway_iOSTests;
			sourceTree = "<group>";
		};
		9154276920B14A0700C6E12A /* subway_iOSUITests */ = {
			isa = PBXGroup;
			children = (
				9154276A20B14A0700C6E12A /* subway_iOSUITests.swift */,
				9154276C20B14A0700C6E12A /* Info.plist */,
			);
			path = subway_iOSUITests;
			sourceTree = "<group>";
		};
		9154277F20B14F5D00C6E12A /* ViewControllers */ = {
			isa = PBXGroup;
			children = (
				9154278020B14F7300C6E12A /* Tab1ViewController.swift */,
				9154278220B14F9200C6E12A /* Tab2ViewController.swift */,
				9154278420B14F9C00C6E12A /* Tab3ViewController.swift */,
			);
			path = ViewControllers;
			sourceTree = "<group>";
		};
		9154278620B14FCB00C6E12A /* Storyboards */ = {
			isa = PBXGroup;
			children = (
				9154277820B14D6800C6E12A /* Tab1.storyboard */,
				9154277A20B14DA000C6E12A /* Tab2.storyboard */,
				9154277D20B14E0600C6E12A /* Tab3.storyboard */,
				9154274E20B14A0300C6E12A /* Main.storyboard */,
				9154275320B14A0700C6E12A /* LaunchScreen.storyboard */,
			);
			path = Storyboards;
			sourceTree = "<group>";
		};
		D9B452EE9A0209A1785B7749 /* Frameworks */ = {
			isa = PBXGroup;
			children = (
				3F87D9E120BA7C9A0098542F /* KakaoOpenSDK.framework */,
				89A1AE2CE974418C6CE05B58 /* Pods_subway_iOS.framework */,
				75D5A57A77AC09A091546C25 /* Pods_subway_iOSTests.framework */,
				74DD3FD11A2AE8E0D9DE16D3 /* Pods_subway_iOSUITests.framework */,
			);
			name = Frameworks;
			sourceTree = "<group>";
		};
		F3D40613D8D4EB28DF996AA0 /* Pods */ = {
			isa = PBXGroup;
			children = (
				1C905BD16FA9D53082379202 /* Pods-subway_iOS.debug.xcconfig */,
				48C95255AF1E27553BDF8E69 /* Pods-subway_iOS.release.xcconfig */,
				0C328E1A9A0F31E5A451FB01 /* Pods-subway_iOSTests.debug.xcconfig */,
				8061AEFAE137EF763ADE84C3 /* Pods-subway_iOSTests.release.xcconfig */,
				580B303F9C7F5F6C238E51FC /* Pods-subway_iOSUITests.debug.xcconfig */,
				324B9E762B29CD8ECE9B00C2 /* Pods-subway_iOSUITests.release.xcconfig */,
			);
			name = Pods;
			sourceTree = "<group>";
		};
/* End PBXGroup section */

/* Begin PBXNativeTarget section */
		9154274620B14A0300C6E12A /* subway_iOS */ = {
			isa = PBXNativeTarget;
			buildConfigurationList = 9154276F20B14A0700C6E12A /* Build configuration list for PBXNativeTarget "subway_iOS" */;
			buildPhases = (
				3B6181A5C0FEFB93BF512D53 /* [CP] Check Pods Manifest.lock */,
				9154274320B14A0300C6E12A /* Sources */,
				9154274420B14A0300C6E12A /* Frameworks */,
				9154274520B14A0300C6E12A /* Resources */,
				F9BB339F04626E10D4A68B0A /* [CP] Embed Pods Frameworks */,
			);
			buildRules = (
			);
			dependencies = (
			);
			name = subway_iOS;
			productName = subway_iOS;
			productReference = 9154274720B14A0300C6E12A /* subway_iOS.app */;
			productType = "com.apple.product-type.application";
		};
		9154275A20B14A0700C6E12A /* subway_iOSTests */ = {
			isa = PBXNativeTarget;
			buildConfigurationList = 9154277220B14A0700C6E12A /* Build configuration list for PBXNativeTarget "subway_iOSTests" */;
			buildPhases = (
				2153202C881A4A0C74DDAE3E /* [CP] Check Pods Manifest.lock */,
				9154275720B14A0700C6E12A /* Sources */,
				9154275820B14A0700C6E12A /* Frameworks */,
				9154275920B14A0700C6E12A /* Resources */,
			);
			buildRules = (
			);
			dependencies = (
				9154275D20B14A0700C6E12A /* PBXTargetDependency */,
			);
			name = subway_iOSTests;
			productName = subway_iOSTests;
			productReference = 9154275B20B14A0700C6E12A /* subway_iOSTests.xctest */;
			productType = "com.apple.product-type.bundle.unit-test";
		};
		9154276520B14A0700C6E12A /* subway_iOSUITests */ = {
			isa = PBXNativeTarget;
			buildConfigurationList = 9154277520B14A0700C6E12A /* Build configuration list for PBXNativeTarget "subway_iOSUITests" */;
			buildPhases = (
				5A184E111B63812E08D6CB96 /* [CP] Check Pods Manifest.lock */,
				9154276220B14A0700C6E12A /* Sources */,
				9154276320B14A0700C6E12A /* Frameworks */,
				9154276420B14A0700C6E12A /* Resources */,
			);
			buildRules = (
			);
			dependencies = (
				9154276820B14A0700C6E12A /* PBXTargetDependency */,
			);
			name = subway_iOSUITests;
			productName = subway_iOSUITests;
			productReference = 9154276620B14A0700C6E12A /* subway_iOSUITests.xctest */;
			productType = "com.apple.product-type.bundle.ui-testing";
		};
/* End PBXNativeTarget section */

/* Begin PBXProject section */
		9154273F20B14A0300C6E12A /* Project object */ = {
			isa = PBXProject;
			attributes = {
				LastSwiftUpdateCheck = 0930;
				LastUpgradeCheck = 0930;
				ORGANIZATIONNAME = TeamSubway;
				TargetAttributes = {
					9154274620B14A0300C6E12A = {
						CreatedOnToolsVersion = 9.3;
						LastSwiftMigration = 0930;
					};
					9154275A20B14A0700C6E12A = {
						CreatedOnToolsVersion = 9.3;
						TestTargetID = 9154274620B14A0300C6E12A;
					};
					9154276520B14A0700C6E12A = {
						CreatedOnToolsVersion = 9.3;
						TestTargetID = 9154274620B14A0300C6E12A;
					};
				};
			};
			buildConfigurationList = 9154274220B14A0300C6E12A /* Build configuration list for PBXProject "subway_iOS" */;
			compatibilityVersion = "Xcode 9.3";
			developmentRegion = en;
			hasScannedForEncodings = 0;
			knownRegions = (
				en,
				Base,
			);
			mainGroup = 9154273E20B14A0300C6E12A;
			productRefGroup = 9154274820B14A0300C6E12A /* Products */;
			projectDirPath = "";
			projectRoot = "";
			targets = (
				9154274620B14A0300C6E12A /* subway_iOS */,
				9154275A20B14A0700C6E12A /* subway_iOSTests */,
				9154276520B14A0700C6E12A /* subway_iOSUITests */,
			);
		};
/* End PBXProject section */

/* Begin PBXResourcesBuildPhase section */
		9154274520B14A0300C6E12A /* Resources */ = {
			isa = PBXResourcesBuildPhase;
			buildActionMask = 2147483647;
			files = (
				9154277E20B14E0600C6E12A /* Tab3.storyboard in Resources */,
				9154277C20B14DA000C6E12A /* Tab2.storyboard in Resources */,
				9154275520B14A0700C6E12A /* LaunchScreen.storyboard in Resources */,
				9154275220B14A0700C6E12A /* Assets.xcassets in Resources */,
				9154277920B14D6800C6E12A /* Tab1.storyboard in Resources */,
				9154275020B14A0300C6E12A /* Main.storyboard in Resources */,
			);
			runOnlyForDeploymentPostprocessing = 0;
		};
		9154275920B14A0700C6E12A /* Resources */ = {
			isa = PBXResourcesBuildPhase;
			buildActionMask = 2147483647;
			files = (
			);
			runOnlyForDeploymentPostprocessing = 0;
		};
		9154276420B14A0700C6E12A /* Resources */ = {
			isa = PBXResourcesBuildPhase;
			buildActionMask = 2147483647;
			files = (
			);
			runOnlyForDeploymentPostprocessing = 0;
		};
/* End PBXResourcesBuildPhase section */

/* Begin PBXShellScriptBuildPhase section */
		2153202C881A4A0C74DDAE3E /* [CP] Check Pods Manifest.lock */ = {
			isa = PBXShellScriptBuildPhase;
			buildActionMask = 2147483647;
			files = (
			);
			inputPaths = (
				"${PODS_PODFILE_DIR_PATH}/Podfile.lock",
				"${PODS_ROOT}/Manifest.lock",
			);
			name = "[CP] Check Pods Manifest.lock";
			outputPaths = (
				"$(DERIVED_FILE_DIR)/Pods-subway_iOSTests-checkManifestLockResult.txt",
			);
			runOnlyForDeploymentPostprocessing = 0;
			shellPath = /bin/sh;
			shellScript = "diff \"${PODS_PODFILE_DIR_PATH}/Podfile.lock\" \"${PODS_ROOT}/Manifest.lock\" > /dev/null\nif [ $? != 0 ] ; then\n    # print error to STDERR\n    echo \"error: The sandbox is not in sync with the Podfile.lock. Run 'pod install' or update your CocoaPods installation.\" >&2\n    exit 1\nfi\n# This output is used by Xcode 'outputs' to avoid re-running this script phase.\necho \"SUCCESS\" > \"${SCRIPT_OUTPUT_FILE_0}\"\n";
			showEnvVarsInLog = 0;
		};
		3B6181A5C0FEFB93BF512D53 /* [CP] Check Pods Manifest.lock */ = {
			isa = PBXShellScriptBuildPhase;
			buildActionMask = 2147483647;
			files = (
			);
			inputPaths = (
				"${PODS_PODFILE_DIR_PATH}/Podfile.lock",
				"${PODS_ROOT}/Manifest.lock",
			);
			name = "[CP] Check Pods Manifest.lock";
			outputPaths = (
				"$(DERIVED_FILE_DIR)/Pods-subway_iOS-checkManifestLockResult.txt",
			);
			runOnlyForDeploymentPostprocessing = 0;
			shellPath = /bin/sh;
			shellScript = "diff \"${PODS_PODFILE_DIR_PATH}/Podfile.lock\" \"${PODS_ROOT}/Manifest.lock\" > /dev/null\nif [ $? != 0 ] ; then\n    # print error to STDERR\n    echo \"error: The sandbox is not in sync with the Podfile.lock. Run 'pod install' or update your CocoaPods installation.\" >&2\n    exit 1\nfi\n# This output is used by Xcode 'outputs' to avoid re-running this script phase.\necho \"SUCCESS\" > \"${SCRIPT_OUTPUT_FILE_0}\"\n";
			showEnvVarsInLog = 0;
		};
		5A184E111B63812E08D6CB96 /* [CP] Check Pods Manifest.lock */ = {
			isa = PBXShellScriptBuildPhase;
			buildActionMask = 2147483647;
			files = (
			);
			inputPaths = (
				"${PODS_PODFILE_DIR_PATH}/Podfile.lock",
				"${PODS_ROOT}/Manifest.lock",
			);
			name = "[CP] Check Pods Manifest.lock";
			outputPaths = (
				"$(DERIVED_FILE_DIR)/Pods-subway_iOSUITests-checkManifestLockResult.txt",
			);
			runOnlyForDeploymentPostprocessing = 0;
			shellPath = /bin/sh;
			shellScript = "diff \"${PODS_PODFILE_DIR_PATH}/Podfile.lock\" \"${PODS_ROOT}/Manifest.lock\" > /dev/null\nif [ $? != 0 ] ; then\n    # print error to STDERR\n    echo \"error: The sandbox is not in sync with the Podfile.lock. Run 'pod install' or update your CocoaPods installation.\" >&2\n    exit 1\nfi\n# This output is used by Xcode 'outputs' to avoid re-running this script phase.\necho \"SUCCESS\" > \"${SCRIPT_OUTPUT_FILE_0}\"\n";
			showEnvVarsInLog = 0;
		};
		F9BB339F04626E10D4A68B0A /* [CP] Embed Pods Frameworks */ = {
			isa = PBXShellScriptBuildPhase;
			buildActionMask = 2147483647;
			files = (
			);
			inputPaths = (
				"${SRCROOT}/Pods/Target Support Files/Pods-subway_iOS/Pods-subway_iOS-frameworks.sh",
				"${BUILT_PRODUCTS_DIR}/Alamofire/Alamofire.framework",
				"${BUILT_PRODUCTS_DIR}/Bolts/Bolts.framework",
				"${BUILT_PRODUCTS_DIR}/FBSDKCoreKit/FBSDKCoreKit.framework",
				"${BUILT_PRODUCTS_DIR}/FBSDKLoginKit/FBSDKLoginKit.framework",
				"${BUILT_PRODUCTS_DIR}/FBSDKShareKit/FBSDKShareKit.framework",
				"${BUILT_PRODUCTS_DIR}/FacebookCore/FacebookCore.framework",
				"${BUILT_PRODUCTS_DIR}/FacebookLogin/FacebookLogin.framework",
				"${BUILT_PRODUCTS_DIR}/FacebookShare/FacebookShare.framework",
				"${BUILT_PRODUCTS_DIR}/SwiftyJSON/SwiftyJSON.framework",
			);
			name = "[CP] Embed Pods Frameworks";
			outputPaths = (
				"${TARGET_BUILD_DIR}/${FRAMEWORKS_FOLDER_PATH}/Alamofire.framework",
				"${TARGET_BUILD_DIR}/${FRAMEWORKS_FOLDER_PATH}/Bolts.framework",
				"${TARGET_BUILD_DIR}/${FRAMEWORKS_FOLDER_PATH}/FBSDKCoreKit.framework",
				"${TARGET_BUILD_DIR}/${FRAMEWORKS_FOLDER_PATH}/FBSDKLoginKit.framework",
				"${TARGET_BUILD_DIR}/${FRAMEWORKS_FOLDER_PATH}/FBSDKShareKit.framework",
				"${TARGET_BUILD_DIR}/${FRAMEWORKS_FOLDER_PATH}/FacebookCore.framework",
				"${TARGET_BUILD_DIR}/${FRAMEWORKS_FOLDER_PATH}/FacebookLogin.framework",
				"${TARGET_BUILD_DIR}/${FRAMEWORKS_FOLDER_PATH}/FacebookShare.framework",
				"${TARGET_BUILD_DIR}/${FRAMEWORKS_FOLDER_PATH}/SwiftyJSON.framework",
			);
			runOnlyForDeploymentPostprocessing = 0;
			shellPath = /bin/sh;
			shellScript = "\"${SRCROOT}/Pods/Target Support Files/Pods-subway_iOS/Pods-subway_iOS-frameworks.sh\"\n";
			showEnvVarsInLog = 0;
		};
/* End PBXShellScriptBuildPhase section */

/* Begin PBXSourcesBuildPhase section */
		9154274320B14A0300C6E12A /* Sources */ = {
			isa = PBXSourcesBuildPhase;
			buildActionMask = 2147483647;
			files = (
				9154278120B14F7300C6E12A /* Tab1ViewController.swift in Sources */,
				9154278520B14F9C00C6E12A /* Tab3ViewController.swift in Sources */,
				3F87D9DF20BA7A100098542F /* User.swift in Sources */,
				3F87D9DD20BA6B410098542F /* JSExtension.swift in Sources */,
				9154274B20B14A0300C6E12A /* AppDelegate.swift in Sources */,
				9154278320B14F9200C6E12A /* Tab2ViewController.swift in Sources */,
				3F3C1C9420C3983B0072CA12 /* tempsss.swift in Sources */,
			);
			runOnlyForDeploymentPostprocessing = 0;
		};
		9154275720B14A0700C6E12A /* Sources */ = {
			isa = PBXSourcesBuildPhase;
			buildActionMask = 2147483647;
			files = (
				9154276020B14A0700C6E12A /* subway_iOSTests.swift in Sources */,
			);
			runOnlyForDeploymentPostprocessing = 0;
		};
		9154276220B14A0700C6E12A /* Sources */ = {
			isa = PBXSourcesBuildPhase;
			buildActionMask = 2147483647;
			files = (
				9154276B20B14A0700C6E12A /* subway_iOSUITests.swift in Sources */,
			);
			runOnlyForDeploymentPostprocessing = 0;
		};
/* End PBXSourcesBuildPhase section */

/* Begin PBXTargetDependency section */
		9154275D20B14A0700C6E12A /* PBXTargetDependency */ = {
			isa = PBXTargetDependency;
			target = 9154274620B14A0300C6E12A /* subway_iOS */;
			targetProxy = 9154275C20B14A0700C6E12A /* PBXContainerItemProxy */;
		};
		9154276820B14A0700C6E12A /* PBXTargetDependency */ = {
			isa = PBXTargetDependency;
			target = 9154274620B14A0300C6E12A /* subway_iOS */;
			targetProxy = 9154276720B14A0700C6E12A /* PBXContainerItemProxy */;
		};
/* End PBXTargetDependency section */

/* Begin PBXVariantGroup section */
		9154274E20B14A0300C6E12A /* Main.storyboard */ = {
			isa = PBXVariantGroup;
			children = (
				9154274F20B14A0300C6E12A /* Base */,
			);
			name = Main.storyboard;
			sourceTree = "<group>";
		};
		9154275320B14A0700C6E12A /* LaunchScreen.storyboard */ = {
			isa = PBXVariantGroup;
			children = (
				9154275420B14A0700C6E12A /* Base */,
			);
			name = LaunchScreen.storyboard;
			sourceTree = "<group>";
		};
		9154277A20B14DA000C6E12A /* Tab2.storyboard */ = {
			isa = PBXVariantGroup;
			children = (
				9154277B20B14DA000C6E12A /* Base */,
			);
			name = Tab2.storyboard;
			sourceTree = "<group>";
		};
/* End PBXVariantGroup section */

/* Begin XCBuildConfiguration section */
		9154276D20B14A0700C6E12A /* Debug */ = {
			isa = XCBuildConfiguration;
			buildSettings = {
				ALWAYS_SEARCH_USER_PATHS = NO;
				CLANG_ANALYZER_NONNULL = YES;
				CLANG_ANALYZER_NUMBER_OBJECT_CONVERSION = YES_AGGRESSIVE;
				CLANG_CXX_LANGUAGE_STANDARD = "gnu++14";
				CLANG_CXX_LIBRARY = "libc++";
				CLANG_ENABLE_MODULES = YES;
				CLANG_ENABLE_OBJC_ARC = YES;
				CLANG_ENABLE_OBJC_WEAK = YES;
				CLANG_WARN_BLOCK_CAPTURE_AUTORELEASING = YES;
				CLANG_WARN_BOOL_CONVERSION = YES;
				CLANG_WARN_COMMA = YES;
				CLANG_WARN_CONSTANT_CONVERSION = YES;
				CLANG_WARN_DEPRECATED_OBJC_IMPLEMENTATIONS = YES;
				CLANG_WARN_DIRECT_OBJC_ISA_USAGE = YES_ERROR;
				CLANG_WARN_DOCUMENTATION_COMMENTS = YES;
				CLANG_WARN_EMPTY_BODY = YES;
				CLANG_WARN_ENUM_CONVERSION = YES;
				CLANG_WARN_INFINITE_RECURSION = YES;
				CLANG_WARN_INT_CONVERSION = YES;
				CLANG_WARN_NON_LITERAL_NULL_CONVERSION = YES;
				CLANG_WARN_OBJC_IMPLICIT_RETAIN_SELF = YES;
				CLANG_WARN_OBJC_LITERAL_CONVERSION = YES;
				CLANG_WARN_OBJC_ROOT_CLASS = YES_ERROR;
				CLANG_WARN_RANGE_LOOP_ANALYSIS = YES;
				CLANG_WARN_STRICT_PROTOTYPES = YES;
				CLANG_WARN_SUSPICIOUS_MOVE = YES;
				CLANG_WARN_UNGUARDED_AVAILABILITY = YES_AGGRESSIVE;
				CLANG_WARN_UNREACHABLE_CODE = YES;
				CLANG_WARN__DUPLICATE_METHOD_MATCH = YES;
				CODE_SIGN_IDENTITY = "iPhone Developer";
				COPY_PHASE_STRIP = NO;
				CURRENT_BUILD_SETTING = "hello development";
				DEBUG_INFORMATION_FORMAT = dwarf;
				ENABLE_STRICT_OBJC_MSGSEND = YES;
				ENABLE_TESTABILITY = YES;
				GCC_C_LANGUAGE_STANDARD = gnu11;
				GCC_DYNAMIC_NO_PIC = NO;
				GCC_NO_COMMON_BLOCKS = YES;
				GCC_OPTIMIZATION_LEVEL = 0;
				GCC_PREPROCESSOR_DEFINITIONS = (
					"DEBUG=1",
					"$(inherited)",
				);
				GCC_WARN_64_TO_32_BIT_CONVERSION = YES;
				GCC_WARN_ABOUT_RETURN_TYPE = YES_ERROR;
				GCC_WARN_UNDECLARED_SELECTOR = YES;
				GCC_WARN_UNINITIALIZED_AUTOS = YES_AGGRESSIVE;
				GCC_WARN_UNUSED_FUNCTION = YES;
				GCC_WARN_UNUSED_VARIABLE = YES;
				IPHONEOS_DEPLOYMENT_TARGET = 11.3;
				MTL_ENABLE_DEBUG_INFO = YES;
				ONLY_ACTIVE_ARCH = YES;
				SDKROOT = iphoneos;
				SWIFT_ACTIVE_COMPILATION_CONDITIONS = DEBUG;
				SWIFT_OPTIMIZATION_LEVEL = "-Onone";
			};
			name = Debug;
		};
		9154276E20B14A0700C6E12A /* Release */ = {
			isa = XCBuildConfiguration;
			buildSettings = {
				ALWAYS_SEARCH_USER_PATHS = NO;
				CLANG_ANALYZER_NONNULL = YES;
				CLANG_ANALYZER_NUMBER_OBJECT_CONVERSION = YES_AGGRESSIVE;
				CLANG_CXX_LANGUAGE_STANDARD = "gnu++14";
				CLANG_CXX_LIBRARY = "libc++";
				CLANG_ENABLE_MODULES = YES;
				CLANG_ENABLE_OBJC_ARC = YES;
				CLANG_ENABLE_OBJC_WEAK = YES;
				CLANG_WARN_BLOCK_CAPTURE_AUTORELEASING = YES;
				CLANG_WARN_BOOL_CONVERSION = YES;
				CLANG_WARN_COMMA = YES;
				CLANG_WARN_CONSTANT_CONVERSION = YES;
				CLANG_WARN_DEPRECATED_OBJC_IMPLEMENTATIONS = YES;
				CLANG_WARN_DIRECT_OBJC_ISA_USAGE = YES_ERROR;
				CLANG_WARN_DOCUMENTATION_COMMENTS = YES;
				CLANG_WARN_EMPTY_BODY = YES;
				CLANG_WARN_ENUM_CONVERSION = YES;
				CLANG_WARN_INFINITE_RECURSION = YES;
				CLANG_WARN_INT_CONVERSION = YES;
				CLANG_WARN_NON_LITERAL_NULL_CONVERSION = YES;
				CLANG_WARN_OBJC_IMPLICIT_RETAIN_SELF = YES;
				CLANG_WARN_OBJC_LITERAL_CONVERSION = YES;
				CLANG_WARN_OBJC_ROOT_CLASS = YES_ERROR;
				CLANG_WARN_RANGE_LOOP_ANALYSIS = YES;
				CLANG_WARN_STRICT_PROTOTYPES = YES;
				CLANG_WARN_SUSPICIOUS_MOVE = YES;
				CLANG_WARN_UNGUARDED_AVAILABILITY = YES_AGGRESSIVE;
				CLANG_WARN_UNREACHABLE_CODE = YES;
				CLANG_WARN__DUPLICATE_METHOD_MATCH = YES;
				CODE_SIGN_IDENTITY = "iPhone Developer";
				COPY_PHASE_STRIP = NO;
				CURRENT_BUILD_SETTING = "hello production";
				DEBUG_INFORMATION_FORMAT = "dwarf-with-dsym";
				ENABLE_NS_ASSERTIONS = NO;
				ENABLE_STRICT_OBJC_MSGSEND = YES;
				GCC_C_LANGUAGE_STANDARD = gnu11;
				GCC_NO_COMMON_BLOCKS = YES;
				GCC_WARN_64_TO_32_BIT_CONVERSION = YES;
				GCC_WARN_ABOUT_RETURN_TYPE = YES_ERROR;
				GCC_WARN_UNDECLARED_SELECTOR = YES;
				GCC_WARN_UNINITIALIZED_AUTOS = YES_AGGRESSIVE;
				GCC_WARN_UNUSED_FUNCTION = YES;
				GCC_WARN_UNUSED_VARIABLE = YES;
				IPHONEOS_DEPLOYMENT_TARGET = 11.3;
				MTL_ENABLE_DEBUG_INFO = NO;
				SDKROOT = iphoneos;
				SWIFT_COMPILATION_MODE = wholemodule;
				SWIFT_OPTIMIZATION_LEVEL = "-O";
				VALIDATE_PRODUCT = YES;
			};
			name = Release;
		};
		9154277020B14A0700C6E12A /* Debug */ = {
			isa = XCBuildConfiguration;
			baseConfigurationReference = 1C905BD16FA9D53082379202 /* Pods-subway_iOS.debug.xcconfig */;
			buildSettings = {
				ASSETCATALOG_COMPILER_APPICON_NAME = AppIcon;
				CLANG_ENABLE_MODULES = YES;
				CODE_SIGN_STYLE = Automatic;
				DEVELOPMENT_TEAM = FNEH2787UY;
				FRAMEWORK_SEARCH_PATHS = (
					"$(inherited)",
					"$(PROJECT_DIR)",
				);
				INFOPLIST_FILE = subway_iOS/Info.plist;
				LD_RUNPATH_SEARCH_PATHS = (
					"$(inherited)",
					"@executable_path/Frameworks",
				);
				OTHER_LDFLAGS = (
					"$(inherited)",
					"-framework",
					"\"Alamofire\"",
					"-framework",
					"\"Bolts\"",
					"-framework",
					"\"FBSDKCoreKit\"",
					"-framework",
					"\"FBSDKLoginKit\"",
					"-framework",
					"\"FBSDKShareKit\"",
					"-framework",
					"\"FacebookCore\"",
					"-framework",
					"\"FacebookLogin\"",
					"-framework",
					"\"FacebookShare\"",
					"-framework",
					"\"SwiftyJSON\"",
					"\"-all_load\"",
				);
				PRODUCT_BUNDLE_IDENTIFIER = "com.teamsubway.subway-iOS";
				PRODUCT_NAME = "$(TARGET_NAME)";
				SWIFT_OBJC_BRIDGING_HEADER = "subway_iOS/subway_iOS-Bridging-Header.h";
				SWIFT_OPTIMIZATION_LEVEL = "-Onone";
				SWIFT_VERSION = 4.0;
				TARGETED_DEVICE_FAMILY = "1,2";
			};
			name = Debug;
		};
		9154277120B14A0700C6E12A /* Release */ = {
			isa = XCBuildConfiguration;
			baseConfigurationReference = 48C95255AF1E27553BDF8E69 /* Pods-subway_iOS.release.xcconfig */;
			buildSettings = {
				ASSETCATALOG_COMPILER_APPICON_NAME = AppIcon;
				CLANG_ENABLE_MODULES = YES;
				CODE_SIGN_STYLE = Automatic;
				DEVELOPMENT_TEAM = FNEH2787UY;
				FRAMEWORK_SEARCH_PATHS = (
					"$(inherited)",
					"$(PROJECT_DIR)",
				);
				INFOPLIST_FILE = subway_iOS/Info.plist;
				LD_RUNPATH_SEARCH_PATHS = (
					"$(inherited)",
					"@executable_path/Frameworks",
				);
				OTHER_LDFLAGS = (
					"$(inherited)",
					"-framework",
					"\"Alamofire\"",
					"-framework",
					"\"Bolts\"",
					"-framework",
					"\"FBSDKCoreKit\"",
					"-framework",
					"\"FBSDKLoginKit\"",
					"-framework",
					"\"FBSDKShareKit\"",
					"-framework",
					"\"FacebookCore\"",
					"-framework",
					"\"FacebookLogin\"",
					"-framework",
					"\"FacebookShare\"",
					"-framework",
					"\"SwiftyJSON\"",
					"\"-all_load\"",
				);
				PRODUCT_BUNDLE_IDENTIFIER = "com.teamsubway.subway-iOS";
				PRODUCT_NAME = "$(TARGET_NAME)";
				SWIFT_OBJC_BRIDGING_HEADER = "subway_iOS/subway_iOS-Bridging-Header.h";
				SWIFT_VERSION = 4.0;
				TARGETED_DEVICE_FAMILY = "1,2";
			};
			name = Release;
		};
		9154277320B14A0700C6E12A /* Debug */ = {
			isa = XCBuildConfiguration;
			baseConfigurationReference = 0C328E1A9A0F31E5A451FB01 /* Pods-subway_iOSTests.debug.xcconfig */;
			buildSettings = {
				ALWAYS_EMBED_SWIFT_STANDARD_LIBRARIES = YES;
				BUNDLE_LOADER = "$(TEST_HOST)";
				CODE_SIGN_STYLE = Automatic;
				DEVELOPMENT_TEAM = 9MBM4TGHFP;
				INFOPLIST_FILE = subway_iOSTests/Info.plist;
				LD_RUNPATH_SEARCH_PATHS = (
					"$(inherited)",
					"@executable_path/Frameworks",
					"@loader_path/Frameworks",
				);
				PRODUCT_BUNDLE_IDENTIFIER = "com.teamsubway.subway-iOSTests";
				PRODUCT_NAME = "$(TARGET_NAME)";
				SWIFT_VERSION = 4.0;
				TARGETED_DEVICE_FAMILY = "1,2";
				TEST_HOST = "$(BUILT_PRODUCTS_DIR)/subway_iOS.app/subway_iOS";
			};
			name = Debug;
		};
		9154277420B14A0700C6E12A /* Release */ = {
			isa = XCBuildConfiguration;
			baseConfigurationReference = 8061AEFAE137EF763ADE84C3 /* Pods-subway_iOSTests.release.xcconfig */;
			buildSettings = {
				ALWAYS_EMBED_SWIFT_STANDARD_LIBRARIES = YES;
				BUNDLE_LOADER = "$(TEST_HOST)";
				CODE_SIGN_STYLE = Automatic;
				DEVELOPMENT_TEAM = 9MBM4TGHFP;
				INFOPLIST_FILE = subway_iOSTests/Info.plist;
				LD_RUNPATH_SEARCH_PATHS = (
					"$(inherited)",
					"@executable_path/Frameworks",
					"@loader_path/Frameworks",
				);
				PRODUCT_BUNDLE_IDENTIFIER = "com.teamsubway.subway-iOSTests";
				PRODUCT_NAME = "$(TARGET_NAME)";
				SWIFT_VERSION = 4.0;
				TARGETED_DEVICE_FAMILY = "1,2";
				TEST_HOST = "$(BUILT_PRODUCTS_DIR)/subway_iOS.app/subway_iOS";
			};
			name = Release;
		};
		9154277620B14A0700C6E12A /* Debug */ = {
			isa = XCBuildConfiguration;
			baseConfigurationReference = 580B303F9C7F5F6C238E51FC /* Pods-subway_iOSUITests.debug.xcconfig */;
			buildSettings = {
				ALWAYS_EMBED_SWIFT_STANDARD_LIBRARIES = YES;
				CODE_SIGN_STYLE = Automatic;
				DEVELOPMENT_TEAM = 9MBM4TGHFP;
				INFOPLIST_FILE = subway_iOSUITests/Info.plist;
				LD_RUNPATH_SEARCH_PATHS = (
					"$(inherited)",
					"@executable_path/Frameworks",
					"@loader_path/Frameworks",
				);
				PRODUCT_BUNDLE_IDENTIFIER = "com.teamsubway.subway-iOSUITests";
				PRODUCT_NAME = "$(TARGET_NAME)";
				SWIFT_VERSION = 4.0;
				TARGETED_DEVICE_FAMILY = "1,2";
				TEST_TARGET_NAME = subway_iOS;
			};
			name = Debug;
		};
		9154277720B14A0700C6E12A /* Release */ = {
			isa = XCBuildConfiguration;
			baseConfigurationReference = 324B9E762B29CD8ECE9B00C2 /* Pods-subway_iOSUITests.release.xcconfig */;
			buildSettings = {
				ALWAYS_EMBED_SWIFT_STANDARD_LIBRARIES = YES;
				CODE_SIGN_STYLE = Automatic;
				DEVELOPMENT_TEAM = 9MBM4TGHFP;
				INFOPLIST_FILE = subway_iOSUITests/Info.plist;
				LD_RUNPATH_SEARCH_PATHS = (
					"$(inherited)",
					"@executable_path/Frameworks",
					"@loader_path/Frameworks",
				);
				PRODUCT_BUNDLE_IDENTIFIER = "com.teamsubway.subway-iOSUITests";
				PRODUCT_NAME = "$(TARGET_NAME)";
				SWIFT_VERSION = 4.0;
				TARGETED_DEVICE_FAMILY = "1,2";
				TEST_TARGET_NAME = subway_iOS;
			};
			name = Release;
		};
/* End XCBuildConfiguration section */

/* Begin XCConfigurationList section */
		9154274220B14A0300C6E12A /* Build configuration list for PBXProject "subway_iOS" */ = {
			isa = XCConfigurationList;
			buildConfigurations = (
				9154276D20B14A0700C6E12A /* Debug */,
				9154276E20B14A0700C6E12A /* Release */,
			);
			defaultConfigurationIsVisible = 0;
			defaultConfigurationName = Release;
		};
		9154276F20B14A0700C6E12A /* Build configuration list for PBXNativeTarget "subway_iOS" */ = {
			isa = XCConfigurationList;
			buildConfigurations = (
				9154277020B14A0700C6E12A /* Debug */,
				9154277120B14A0700C6E12A /* Release */,
			);
			defaultConfigurationIsVisible = 0;
			defaultConfigurationName = Release;
		};
		9154277220B14A0700C6E12A /* Build configuration list for PBXNativeTarget "subway_iOSTests" */ = {
			isa = XCConfigurationList;
			buildConfigurations = (
				9154277320B14A0700C6E12A /* Debug */,
				9154277420B14A0700C6E12A /* Release */,
			);
			defaultConfigurationIsVisible = 0;
			defaultConfigurationName = Release;
		};
		9154277520B14A0700C6E12A /* Build configuration list for PBXNativeTarget "subway_iOSUITests" */ = {
			isa = XCConfigurationList;
			buildConfigurations = (
				9154277620B14A0700C6E12A /* Debug */,
				9154277720B14A0700C6E12A /* Release */,
			);
			defaultConfigurationIsVisible = 0;
			defaultConfigurationName = Release;
		};
/* End XCConfigurationList section */
	};
	rootObject = 9154273F20B14A0300C6E12A /* Project object */;
}
